
Microsoft Visual Studio Solution File, Format Version 12.00
# Visual Studio Version 16
VisualStudioVersion = 16.0.30002.166
MinimumVisualStudioVersion = 10.0.40219.1
Project("{FAE04EC0-301F-11D3-BF4B-00C04F79EFBC}") = "PhysicsSharp", "PhysicsSharp\PhysicsSharp.csproj", "{DA955A4D-EBBA-424E-BFA5-2A11E62A868F}"
EndProject
Global
	GlobalSection(SolutionConfigurationPlatforms) = preSolution
		Debug|Any CPU = Debug|Any CPU
		Release|Any CPU = Release|Any CPU
	EndGlobalSection
	GlobalSection(ProjectConfigurationPlatforms) = postSolution
		{DA955A4D-EBBA-424E-BFA5-2A11E62A868F}.Debug|Any CPU.ActiveCfg = Debug|Any CPU
		{DA955A4D-EBBA-424E-BFA5-2A11E62A868F}.Debug|Any CPU.Build.0 = Debug|Any CPU
		{DA955A4D-EBBA-424E-BFA5-2A11E62A868F}.Release|Any CPU.ActiveCfg = Release|Any CPU
		{DA955A4D-EBBA-424E-BFA5-2A11E62A868F}.Release|Any CPU.Build.0 = Release|Any CPU
	EndGlobalSection
	GlobalSection(SolutionProperties) = preSolution
		HideSolutionNode = FALSE
	EndGlobalSection
	GlobalSection(ExtensibilityGlobals) = postSolution
		SolutionGuid = {A33F9E5D-979D-4DD3-84A9-A854915B037B}
	EndGlobalSection
EndGlobal
